// !$*UTF8*$!
{
	archiveVersion = 1;
	classes = {
	};
	objectVersion = 52;
	objects = {

/* Begin PBXBuildFile section */
		3B33AB0823FC29A1000ABF60 /* Modifiers.swift in Sources */ = {isa = PBXBuildFile; fileRef = 3B33AB0723FC29A1000ABF60 /* Modifiers.swift */; };
		3B33AB0A23FC33B9000ABF60 /* Work_Sans in Resources */ = {isa = PBXBuildFile; fileRef = 3B33AB0923FC33B8000ABF60 /* Work_Sans */; };
		3B4663842401480B007BFA4A /* CourseDetail.swift in Sources */ = {isa = PBXBuildFile; fileRef = 3B4663832401480B007BFA4A /* CourseDetail.swift */; };
		3B882D6723F9093C000855A5 /* MenuView.swift in Sources */ = {isa = PBXBuildFile; fileRef = 3B882D6623F9093C000855A5 /* MenuView.swift */; };
		3B882D6923F91A6C000855A5 /* Home.swift in Sources */ = {isa = PBXBuildFile; fileRef = 3B882D6823F91A6B000855A5 /* Home.swift */; };
		3B882D6B23F96593000855A5 /* HomeView.swift in Sources */ = {isa = PBXBuildFile; fileRef = 3B882D6A23F96593000855A5 /* HomeView.swift */; };
		3B882D6D23F990AD000855A5 /* UpdateList.swift in Sources */ = {isa = PBXBuildFile; fileRef = 3B882D6C23F990AD000855A5 /* UpdateList.swift */; };
		3B954D92240168B500233434 /* Data.swift in Sources */ = {isa = PBXBuildFile; fileRef = 3B954D91240168B500233434 /* Data.swift */; };
		3B954D9424016D1100233434 /* PostList.swift in Sources */ = {isa = PBXBuildFile; fileRef = 3B954D9324016D1100233434 /* PostList.swift */; };
		3B954D962401723E00233434 /* DataStore.swift in Sources */ = {isa = PBXBuildFile; fileRef = 3B954D952401723E00233434 /* DataStore.swift */; };
		3B954D9924017C2A00233434 /* Contentful in Frameworks */ = {isa = PBXBuildFile; productRef = 3B954D9824017C2A00233434 /* Contentful */; };
		3B954D9B2401831700233434 /* CourseStore.swift in Sources */ = {isa = PBXBuildFile; fileRef = 3B954D9A2401831700233434 /* CourseStore.swift */; };
		3BB44F9C23F799520077BC0B /* AppDelegate.swift in Sources */ = {isa = PBXBuildFile; fileRef = 3BB44F9B23F799520077BC0B /* AppDelegate.swift */; };
		3BB44F9E23F799520077BC0B /* SceneDelegate.swift in Sources */ = {isa = PBXBuildFile; fileRef = 3BB44F9D23F799520077BC0B /* SceneDelegate.swift */; };
		3BB44FA023F799520077BC0B /* ContentView.swift in Sources */ = {isa = PBXBuildFile; fileRef = 3BB44F9F23F799520077BC0B /* ContentView.swift */; };
		3BB44FA223F799550077BC0B /* Assets.xcassets in Resources */ = {isa = PBXBuildFile; fileRef = 3BB44FA123F799550077BC0B /* Assets.xcassets */; };
		3BB44FA523F799550077BC0B /* Preview Assets.xcassets in Resources */ = {isa = PBXBuildFile; fileRef = 3BB44FA423F799550077BC0B /* Preview Assets.xcassets */; };
		3BB44FA823F799550077BC0B /* LaunchScreen.storyboard in Resources */ = {isa = PBXBuildFile; fileRef = 3BB44FA623F799550077BC0B /* LaunchScreen.storyboard */; };
		3BB6263423FD81FD00CE0EE3 /* CourseList.swift in Sources */ = {isa = PBXBuildFile; fileRef = 3BB6263323FD81FD00CE0EE3 /* CourseList.swift */; };
		3BBA7F0823FA90EF0062F098 /* UpdateDetail.swift in Sources */ = {isa = PBXBuildFile; fileRef = 3BBA7F0723FA90EF0062F098 /* UpdateDetail.swift */; };
		3BBA7F0A23FA984A0062F098 /* UpdateStore.swift in Sources */ = {isa = PBXBuildFile; fileRef = 3BBA7F0923FA984A0062F098 /* UpdateStore.swift */; };
		3BBA7F0E23FAB6810062F098 /* TabBar.swift in Sources */ = {isa = PBXBuildFile; fileRef = 3BBA7F0D23FAB6800062F098 /* TabBar.swift */; };
		3BBA7F1023FAC5B10062F098 /* RingView.swift in Sources */ = {isa = PBXBuildFile; fileRef = 3BBA7F0F23FAC5B10062F098 /* RingView.swift */; };
		3BE0D2CF2407973100138507 /* SDWebImageSwiftUI in Frameworks */ = {isa = PBXBuildFile; productRef = 3BE0D2CE2407973100138507 /* SDWebImageSwiftUI */; };
/* End PBXBuildFile section */

/* Begin PBXFileReference section */
		3B33AB0723FC29A1000ABF60 /* Modifiers.swift */ = {isa = PBXFileReference; lastKnownFileType = sourcecode.swift; path = Modifiers.swift; sourceTree = "<group>"; };
		3B33AB0923FC33B8000ABF60 /* Work_Sans */ = {isa = PBXFileReference; lastKnownFileType = folder; path = Work_Sans; sourceTree = "<group>"; };
		3B4663832401480B007BFA4A /* CourseDetail.swift */ = {isa = PBXFileReference; lastKnownFileType = sourcecode.swift; path = CourseDetail.swift; sourceTree = "<group>"; };
		3B882D6623F9093C000855A5 /* MenuView.swift */ = {isa = PBXFileReference; lastKnownFileType = sourcecode.swift; path = MenuView.swift; sourceTree = "<group>"; };
		3B882D6823F91A6B000855A5 /* Home.swift */ = {isa = PBXFileReference; lastKnownFileType = sourcecode.swift; path = Home.swift; sourceTree = "<group>"; };
		3B882D6A23F96593000855A5 /* HomeView.swift */ = {isa = PBXFileReference; lastKnownFileType = sourcecode.swift; path = HomeView.swift; sourceTree = "<group>"; };
		3B882D6C23F990AD000855A5 /* UpdateList.swift */ = {isa = PBXFileReference; lastKnownFileType = sourcecode.swift; path = UpdateList.swift; sourceTree = "<group>"; };
		3B954D91240168B500233434 /* Data.swift */ = {isa = PBXFileReference; lastKnownFileType = sourcecode.swift; path = Data.swift; sourceTree = "<group>"; };
		3B954D9324016D1100233434 /* PostList.swift */ = {isa = PBXFileReference; lastKnownFileType = sourcecode.swift; path = PostList.swift; sourceTree = "<group>"; };
		3B954D952401723E00233434 /* DataStore.swift */ = {isa = PBXFileReference; lastKnownFileType = sourcecode.swift; path = DataStore.swift; sourceTree = "<group>"; };
		3B954D9A2401831700233434 /* CourseStore.swift */ = {isa = PBXFileReference; lastKnownFileType = sourcecode.swift; path = CourseStore.swift; sourceTree = "<group>"; };
		3BB44F9823F799520077BC0B /* DesignCode.app */ = {isa = PBXFileReference; explicitFileType = wrapper.application; includeInIndex = 0; path = DesignCode.app; sourceTree = BUILT_PRODUCTS_DIR; };
		3BB44F9B23F799520077BC0B /* AppDelegate.swift */ = {isa = PBXFileReference; lastKnownFileType = sourcecode.swift; path = AppDelegate.swift; sourceTree = "<group>"; };
		3BB44F9D23F799520077BC0B /* SceneDelegate.swift */ = {isa = PBXFileReference; lastKnownFileType = sourcecode.swift; path = SceneDelegate.swift; sourceTree = "<group>"; };
		3BB44F9F23F799520077BC0B /* ContentView.swift */ = {isa = PBXFileReference; lastKnownFileType = sourcecode.swift; path = ContentView.swift; sourceTree = "<group>"; };
		3BB44FA123F799550077BC0B /* Assets.xcassets */ = {isa = PBXFileReference; lastKnownFileType = folder.assetcatalog; path = Assets.xcassets; sourceTree = "<group>"; };
		3BB44FA423F799550077BC0B /* Preview Assets.xcassets */ = {isa = PBXFileReference; lastKnownFileType = folder.assetcatalog; path = "Preview Assets.xcassets"; sourceTree = "<group>"; };
		3BB44FA723F799550077BC0B /* Base */ = {isa = PBXFileReference; lastKnownFileType = file.storyboard; name = Base; path = Base.lproj/LaunchScreen.storyboard; sourceTree = "<group>"; };
		3BB44FA923F799550077BC0B /* Info.plist */ = {isa = PBXFileReference; lastKnownFileType = text.plist.xml; path = Info.plist; sourceTree = "<group>"; };
		3BB6263323FD81FD00CE0EE3 /* CourseList.swift */ = {isa = PBXFileReference; lastKnownFileType = sourcecode.swift; path = CourseList.swift; sourceTree = "<group>"; };
		3BBA7F0723FA90EF0062F098 /* UpdateDetail.swift */ = {isa = PBXFileReference; lastKnownFileType = sourcecode.swift; path = UpdateDetail.swift; sourceTree = "<group>"; };
		3BBA7F0923FA984A0062F098 /* UpdateStore.swift */ = {isa = PBXFileReference; lastKnownFileType = sourcecode.swift; path = UpdateStore.swift; sourceTree = "<group>"; };
		3BBA7F0D23FAB6800062F098 /* TabBar.swift */ = {isa = PBXFileReference; lastKnownFileType = sourcecode.swift; path = TabBar.swift; sourceTree = "<group>"; };
		3BBA7F0F23FAC5B10062F098 /* RingView.swift */ = {isa = PBXFileReference; lastKnownFileType = sourcecode.swift; path = RingView.swift; sourceTree = "<group>"; };
/* End PBXFileReference section */

/* Begin PBXFrameworksBuildPhase section */
		3BB44F9523F799520077BC0B /* Frameworks */ = {
			isa = PBXFrameworksBuildPhase;
			buildActionMask = 2147483647;
			files = (
				3BE0D2CF2407973100138507 /* SDWebImageSwiftUI in Frameworks */,
				3B954D9924017C2A00233434 /* Contentful in Frameworks */,
			);
			runOnlyForDeploymentPostprocessing = 0;
		};
/* End PBXFrameworksBuildPhase section */

/* Begin PBXGroup section */
		3BB44F8F23F799520077BC0B = {
			isa = PBXGroup;
			children = (
				3BB44F9A23F799520077BC0B /* DesignCode */,
				3BB44F9923F799520077BC0B /* Products */,
			);
			sourceTree = "<group>";
		};
		3BB44F9923F799520077BC0B /* Products */ = {
			isa = PBXGroup;
			children = (
				3BB44F9823F799520077BC0B /* DesignCode.app */,
			);
			name = Products;
			sourceTree = "<group>";
		};
		3BB44F9A23F799520077BC0B /* DesignCode */ = {
			isa = PBXGroup;
			children = (
				3BB44F9B23F799520077BC0B /* AppDelegate.swift */,
				3BB44F9D23F799520077BC0B /* SceneDelegate.swift */,
				3BB44F9F23F799520077BC0B /* ContentView.swift */,
				3BBA7F0F23FAC5B10062F098 /* RingView.swift */,
				3B33AB0723FC29A1000ABF60 /* Modifiers.swift */,
				3B882D6823F91A6B000855A5 /* Home.swift */,
				3B882D6A23F96593000855A5 /* HomeView.swift */,
				3BB6263323FD81FD00CE0EE3 /* CourseList.swift */,
				3B954D9A2401831700233434 /* CourseStore.swift */,
				3B4663832401480B007BFA4A /* CourseDetail.swift */,
				3B882D6623F9093C000855A5 /* MenuView.swift */,
				3B882D6C23F990AD000855A5 /* UpdateList.swift */,
				3BBA7F0723FA90EF0062F098 /* UpdateDetail.swift */,
				3BBA7F0923FA984A0062F098 /* UpdateStore.swift */,
				3B954D91240168B500233434 /* Data.swift */,
				3B954D952401723E00233434 /* DataStore.swift */,
				3B954D9324016D1100233434 /* PostList.swift */,
				3BBA7F0D23FAB6800062F098 /* TabBar.swift */,
				3BB44FA123F799550077BC0B /* Assets.xcassets */,
				3B33AB0923FC33B8000ABF60 /* Work_Sans */,
				3BB44FA623F799550077BC0B /* LaunchScreen.storyboard */,
				3BB44FA923F799550077BC0B /* Info.plist */,
				3BB44FA323F799550077BC0B /* Preview Content */,
			);
			path = DesignCode;
			sourceTree = "<group>";
		};
		3BB44FA323F799550077BC0B /* Preview Content */ = {
			isa = PBXGroup;
			children = (
				3BB44FA423F799550077BC0B /* Preview Assets.xcassets */,
			);
			path = "Preview Content";
			sourceTree = "<group>";
		};
/* End PBXGroup section */

/* Begin PBXNativeTarget section */
		3BB44F9723F799520077BC0B /* DesignCode */ = {
			isa = PBXNativeTarget;
			buildConfigurationList = 3BB44FAC23F799550077BC0B /* Build configuration list for PBXNativeTarget "DesignCode" */;
			buildPhases = (
				3BB44F9423F799520077BC0B /* Sources */,
				3BB44F9523F799520077BC0B /* Frameworks */,
				3BB44F9623F799520077BC0B /* Resources */,
			);
			buildRules = (
			);
			dependencies = (
			);
			name = DesignCode;
			packageProductDependencies = (
				3B954D9824017C2A00233434 /* Contentful */,
				3BE0D2CE2407973100138507 /* SDWebImageSwiftUI */,
			);
			productName = DesignCode;
			productReference = 3BB44F9823F799520077BC0B /* DesignCode.app */;
			productType = "com.apple.product-type.application";
		};
/* End PBXNativeTarget section */

/* Begin PBXProject section */
		3BB44F9023F799520077BC0B /* Project object */ = {
			isa = PBXProject;
			attributes = {
				LastSwiftUpdateCheck = 1130;
				LastUpgradeCheck = 1130;
				ORGANIZATIONNAME = zsy;
				TargetAttributes = {
					3BB44F9723F799520077BC0B = {
						CreatedOnToolsVersion = 11.3.1;
					};
				};
			};
			buildConfigurationList = 3BB44F9323F799520077BC0B /* Build configuration list for PBXProject "DesignCode" */;
			compatibilityVersion = "Xcode 9.3";
			developmentRegion = en;
			hasScannedForEncodings = 0;
			knownRegions = (
				en,
				Base,
			);
			mainGroup = 3BB44F8F23F799520077BC0B;
			packageReferences = (
				3B954D9724017C2A00233434 /* XCRemoteSwiftPackageReference "contentful.swift" */,
				3BE0D2CD2407973100138507 /* XCRemoteSwiftPackageReference "SDWebImageSwiftUI" */,
			);
			productRefGroup = 3BB44F9923F799520077BC0B /* Products */;
			projectDirPath = "";
			projectRoot = "";
			targets = (
				3BB44F9723F799520077BC0B /* DesignCode */,
			);
		};
/* End PBXProject section */

/* Begin PBXResourcesBuildPhase section */
		3BB44F9623F799520077BC0B /* Resources */ = {
			isa = PBXResourcesBuildPhase;
			buildActionMask = 2147483647;
			files = (
				3B33AB0A23FC33B9000ABF60 /* Work_Sans in Resources */,
				3BB44FA823F799550077BC0B /* LaunchScreen.storyboard in Resources */,
				3BB44FA523F799550077BC0B /* Preview Assets.xcassets in Resources */,
				3BB44FA223F799550077BC0B /* Assets.xcassets in Resources */,
			);
			runOnlyForDeploymentPostprocessing = 0;
		};
/* End PBXResourcesBuildPhase section */

/* Begin PBXSourcesBuildPhase section */
		3BB44F9423F799520077BC0B /* Sources */ = {
			isa = PBXSourcesBuildPhase;
			buildActionMask = 2147483647;
			files = (
				3B954D9B2401831700233434 /* CourseStore.swift in Sources */,
				3BB44F9C23F799520077BC0B /* AppDelegate.swift in Sources */,
				3B954D92240168B500233434 /* Data.swift in Sources */,
				3B954D962401723E00233434 /* DataStore.swift in Sources */,
				3BBA7F0A23FA984A0062F098 /* UpdateStore.swift in Sources */,
				3B882D6D23F990AD000855A5 /* UpdateList.swift in Sources */,
				3B882D6723F9093C000855A5 /* MenuView.swift in Sources */,
				3B33AB0823FC29A1000ABF60 /* Modifiers.swift in Sources */,
				3BBA7F0823FA90EF0062F098 /* UpdateDetail.swift in Sources */,
				3BBA7F1023FAC5B10062F098 /* RingView.swift in Sources */,
				3B882D6923F91A6C000855A5 /* Home.swift in Sources */,
				3B882D6B23F96593000855A5 /* HomeView.swift in Sources */,
				3BB44F9E23F799520077BC0B /* SceneDelegate.swift in Sources */,
				3B954D9424016D1100233434 /* PostList.swift in Sources */,
				3BB44FA023F799520077BC0B /* ContentView.swift in Sources */,
				3B4663842401480B007BFA4A /* CourseDetail.swift in Sources */,
				3BBA7F0E23FAB6810062F098 /* TabBar.swift in Sources */,
				3BB6263423FD81FD00CE0EE3 /* CourseList.swift in Sources */,
			);
			runOnlyForDeploymentPostprocessing = 0;
		};
/* End PBXSourcesBuildPhase section */

/* Begin PBXVariantGroup section */
		3BB44FA623F799550077BC0B /* LaunchScreen.storyboard */ = {
			isa = PBXVariantGroup;
			children = (
				3BB44FA723F799550077BC0B /* Base */,
			);
			name = LaunchScreen.storyboard;
			sourceTree = "<group>";
		};
/* End PBXVariantGroup section */

/* Begin XCBuildConfiguration section */
		3BB44FAA23F799550077BC0B /* Debug */ = {
			isa = XCBuildConfiguration;
			buildSettings = {
				ALWAYS_SEARCH_USER_PATHS = NO;
				CLANG_ANALYZER_NONNULL = YES;
				CLANG_ANALYZER_NUMBER_OBJECT_CONVERSION = YES_AGGRESSIVE;
				CLANG_CXX_LANGUAGE_STANDARD = "gnu++14";
				CLANG_CXX_LIBRARY = "libc++";
				CLANG_ENABLE_MODULES = YES;
				CLANG_ENABLE_OBJC_ARC = YES;
				CLANG_ENABLE_OBJC_WEAK = YES;
				CLANG_WARN_BLOCK_CAPTURE_AUTORELEASING = YES;
				CLANG_WARN_BOOL_CONVERSION = YES;
				CLANG_WARN_COMMA = YES;
				CLANG_WARN_CONSTANT_CONVERSION = YES;
				CLANG_WARN_DEPRECATED_OBJC_IMPLEMENTATIONS = YES;
				CLANG_WARN_DIRECT_OBJC_ISA_USAGE = YES_ERROR;
				CLANG_WARN_DOCUMENTATION_COMMENTS = YES;
				CLANG_WARN_EMPTY_BODY = YES;
				CLANG_WARN_ENUM_CONVERSION = YES;
				CLANG_WARN_INFINITE_RECURSION = YES;
				CLANG_WARN_INT_CONVERSION = YES;
				CLANG_WARN_NON_LITERAL_NULL_CONVERSION = YES;
				CLANG_WARN_OBJC_IMPLICIT_RETAIN_SELF = YES;
				CLANG_WARN_OBJC_LITERAL_CONVERSION = YES;
				CLANG_WARN_OBJC_ROOT_CLASS = YES_ERROR;
				CLANG_WARN_RANGE_LOOP_ANALYSIS = YES;
				CLANG_WARN_STRICT_PROTOTYPES = YES;
				CLANG_WARN_SUSPICIOUS_MOVE = YES;
				CLANG_WARN_UNGUARDED_AVAILABILITY = YES_AGGRESSIVE;
				CLANG_WARN_UNREACHABLE_CODE = YES;
				CLANG_WARN__DUPLICATE_METHOD_MATCH = YES;
				COPY_PHASE_STRIP = NO;
				DEBUG_INFORMATION_FORMAT = dwarf;
				ENABLE_STRICT_OBJC_MSGSEND = YES;
				ENABLE_TESTABILITY = YES;
				GCC_C_LANGUAGE_STANDARD = gnu11;
				GCC_DYNAMIC_NO_PIC = NO;
				GCC_NO_COMMON_BLOCKS = YES;
				GCC_OPTIMIZATION_LEVEL = 0;
				GCC_PREPROCESSOR_DEFINITIONS = (
					"DEBUG=1",
					"$(inherited)",
				);
				GCC_WARN_64_TO_32_BIT_CONVERSION = YES;
				GCC_WARN_ABOUT_RETURN_TYPE = YES_ERROR;
				GCC_WARN_UNDECLARED_SELECTOR = YES;
				GCC_WARN_UNINITIALIZED_AUTOS = YES_AGGRESSIVE;
				GCC_WARN_UNUSED_FUNCTION = YES;
				GCC_WARN_UNUSED_VARIABLE = YES;
				IPHONEOS_DEPLOYMENT_TARGET = 13.2;
				MTL_ENABLE_DEBUG_INFO = INCLUDE_SOURCE;
				MTL_FAST_MATH = YES;
				ONLY_ACTIVE_ARCH = YES;
				SDKROOT = iphoneos;
				SWIFT_ACTIVE_COMPILATION_CONDITIONS = DEBUG;
				SWIFT_OPTIMIZATION_LEVEL = "-Onone";
			};
			name = Debug;
		};
		3BB44FAB23F799550077BC0B /* Release */ = {
			isa = XCBuildConfiguration;
			buildSettings = {
				ALWAYS_SEARCH_USER_PATHS = NO;
				CLANG_ANALYZER_NONNULL = YES;
				CLANG_ANALYZER_NUMBER_OBJECT_CONVERSION = YES_AGGRESSIVE;
				CLANG_CXX_LANGUAGE_STANDARD = "gnu++14";
				CLANG_CXX_LIBRARY = "libc++";
				CLANG_ENABLE_MODULES = YES;
				CLANG_ENABLE_OBJC_ARC = YES;
				CLANG_ENABLE_OBJC_WEAK = YES;
				CLANG_WARN_BLOCK_CAPTURE_AUTORELEASING = YES;
				CLANG_WARN_BOOL_CONVERSION = YES;
				CLANG_WARN_COMMA = YES;
				CLANG_WARN_CONSTANT_CONVERSION = YES;
				CLANG_WARN_DEPRECATED_OBJC_IMPLEMENTATIONS = YES;
				CLANG_WARN_DIRECT_OBJC_ISA_USAGE = YES_ERROR;
				CLANG_WARN_DOCUMENTATION_COMMENTS = YES;
				CLANG_WARN_EMPTY_BODY = YES;
				CLANG_WARN_ENUM_CONVERSION = YES;
				CLANG_WARN_INFINITE_RECURSION = YES;
				CLANG_WARN_INT_CONVERSION = YES;
				CLANG_WARN_NON_LITERAL_NULL_CONVERSION = YES;
				CLANG_WARN_OBJC_IMPLICIT_RETAIN_SELF = YES;
				CLANG_WARN_OBJC_LITERAL_CONVERSION = YES;
				CLANG_WARN_OBJC_ROOT_CLASS = YES_ERROR;
				CLANG_WARN_RANGE_LOOP_ANALYSIS = YES;
				CLANG_WARN_STRICT_PROTOTYPES = YES;
				CLANG_WARN_SUSPICIOUS_MOVE = YES;
				CLANG_WARN_UNGUARDED_AVAILABILITY = YES_AGGRESSIVE;
				CLANG_WARN_UNREACHABLE_CODE = YES;
				CLANG_WARN__DUPLICATE_METHOD_MATCH = YES;
				COPY_PHASE_STRIP = NO;
				DEBUG_INFORMATION_FORMAT = "dwarf-with-dsym";
				ENABLE_NS_ASSERTIONS = NO;
				ENABLE_STRICT_OBJC_MSGSEND = YES;
				GCC_C_LANGUAGE_STANDARD = gnu11;
				GCC_NO_COMMON_BLOCKS = YES;
				GCC_WARN_64_TO_32_BIT_CONVERSION = YES;
				GCC_WARN_ABOUT_RETURN_TYPE = YES_ERROR;
				GCC_WARN_UNDECLARED_SELECTOR = YES;
				GCC_WARN_UNINITIALIZED_AUTOS = YES_AGGRESSIVE;
				GCC_WARN_UNUSED_FUNCTION = YES;
				GCC_WARN_UNUSED_VARIABLE = YES;
				IPHONEOS_DEPLOYMENT_TARGET = 13.2;
				MTL_ENABLE_DEBUG_INFO = NO;
				MTL_FAST_MATH = YES;
				SDKROOT = iphoneos;
				SWIFT_COMPILATION_MODE = wholemodule;
				SWIFT_OPTIMIZATION_LEVEL = "-O";
				VALIDATE_PRODUCT = YES;
			};
			name = Release;
		};
		3BB44FAD23F799550077BC0B /* Debug */ = {
			isa = XCBuildConfiguration;
			buildSettings = {
				ASSETCATALOG_COMPILER_APPICON_NAME = AppIcon;
				CODE_SIGN_STYLE = Automatic;
				DEVELOPMENT_ASSET_PATHS = "\"DesignCode/Preview Content\"";
				DEVELOPMENT_TEAM = V2FUC7AH4K;
				ENABLE_PREVIEWS = YES;
				INFOPLIST_FILE = DesignCode/Info.plist;
				LD_RUNPATH_SEARCH_PATHS = (
					"$(inherited)",
					"@executable_path/Frameworks",
				);
				PRODUCT_BUNDLE_IDENTIFIER = zsy.name.DesignCode;
				PRODUCT_NAME = DesignCode;
				SWIFT_VERSION = 5.0;
				TARGETED_DEVICE_FAMILY = "1,2";
			};
			name = Debug;
		};
		3BB44FAE23F799550077BC0B /* Release */ = {
			isa = XCBuildConfiguration;
			buildSettings = {
				ASSETCATALOG_COMPILER_APPICON_NAME = AppIcon;
				CODE_SIGN_STYLE = Automatic;
				DEVELOPMENT_ASSET_PATHS = "\"DesignCode/Preview Content\"";
				DEVELOPMENT_TEAM = V2FUC7AH4K;
				ENABLE_PREVIEWS = YES;
				INFOPLIST_FILE = DesignCode/Info.plist;
				LD_RUNPATH_SEARCH_PATHS = (
					"$(inherited)",
					"@executable_path/Frameworks",
				);
				PRODUCT_BUNDLE_IDENTIFIER = zsy.name.DesignCode;
				PRODUCT_NAME = DesignCode;
				SWIFT_VERSION = 5.0;
				TARGETED_DEVICE_FAMILY = "1,2";
			};
			name = Release;
		};
/* End XCBuildConfiguration section */

/* Begin XCConfigurationList section */
		3BB44F9323F799520077BC0B /* Build configuration list for PBXProject "DesignCode" */ = {
			isa = XCConfigurationList;
			buildConfigurations = (
				3BB44FAA23F799550077BC0B /* Debug */,
				3BB44FAB23F799550077BC0B /* Release */,
			);
			defaultConfigurationIsVisible = 0;
			defaultConfigurationName = Release;
		};
		3BB44FAC23F799550077BC0B /* Build configuration list for PBXNativeTarget "DesignCode" */ = {
			isa = XCConfigurationList;
			buildConfigurations = (
				3BB44FAD23F799550077BC0B /* Debug */,
				3BB44FAE23F799550077BC0B /* Release */,
			);
			defaultConfigurationIsVisible = 0;
			defaultConfigurationName = Release;
		};
/* End XCConfigurationList section */

/* Begin XCRemoteSwiftPackageReference section */
		3B954D9724017C2A00233434 /* XCRemoteSwiftPackageReference "contentful.swift" */ = {
			isa = XCRemoteSwiftPackageReference;
			repositoryURL = "https://github.com/contentful/contentful.swift.git";
			requirement = {
				kind = upToNextMajorVersion;
				minimumVersion = 5.0.7;
			};
		};
		3BE0D2CD2407973100138507 /* XCRemoteSwiftPackageReference "SDWebImageSwiftUI" */ = {
			isa = XCRemoteSwiftPackageReference;
			repositoryURL = "https://github.com/SDWebImage/SDWebImageSwiftUI.git";
			requirement = {
				kind = upToNextMajorVersion;
				minimumVersion = 0.10.3;
			};
		};
/* End XCRemoteSwiftPackageReference section */

/* Begin XCSwiftPackageProductDependency section */
		3B954D9824017C2A00233434 /* Contentful */ = {
			isa = XCSwiftPackageProductDependency;
			package = 3B954D9724017C2A00233434 /* XCRemoteSwiftPackageReference "contentful.swift" */;
			productName = Contentful;
		};
		3BE0D2CE2407973100138507 /* SDWebImageSwiftUI */ = {
			isa = XCSwiftPackageProductDependency;
			package = 3BE0D2CD2407973100138507 /* XCRemoteSwiftPackageReference "SDWebImageSwiftUI" */;
			productName = SDWebImageSwiftUI;
		};
/* End XCSwiftPackageProductDependency section */
	};
	rootObject = 3BB44F9023F799520077BC0B /* Project object */;
}
